<?xml version="1.0" encoding="utf-8"?>
<Project ToolsVersion="4.0" xmlns="http://schemas.microsoft.com/developer/msbuild/2003">
  <ItemGroup>
    <Filter Include="Source Files">
      <UniqueIdentifier>{4FC737F1-C7A5-4376-A066-2A32D752A2FF}</UniqueIdentifier>
      <Extensions>cpp;c;cc;cxx;def;odl;idl;hpj;bat;asm;asmx</Extensions>
    </Filter>
    <Filter Include="Header Files">
      <UniqueIdentifier>{93995380-89BD-4b04-88EB-625FBE52EBFB}</UniqueIdentifier>
      <Extensions>h;hpp;hxx;hm;inl;inc;xsd</Extensions>
    </Filter>
    <Filter Include="Resource Files">
      <UniqueIdentifier>{67DA6AB6-F800-4c08-8B7A-83BB121AAD01}</UniqueIdentifier>
      <Extensions>rc;ico;cur;bmp;dlg;rc2;rct;bin;rgs;gif;jpg;jpeg;jpe;resx;tiff;tif;png;wav;mfcribbon-ms</Extensions>
    </Filter>
    <Filter Include="Source Files\States">
      <UniqueIdentifier>{c10ebb3a-8d08-43a8-b852-4080bbcf88fe}</UniqueIdentifier>
    </Filter>
    <Filter Include="Source Files\Resources">
      <UniqueIdentifier>{02b819a9-8182-4759-803f-c03f759eb17b}</UniqueIdentifier>
    </Filter>
    <Filter Include="Source Files\Managers">
      <UniqueIdentifier>{7023d7ae-072c-49c1-965b-321668acb1f5}</UniqueIdentifier>
    </Filter>
    <Filter Include="Source Files\Loaders">
      <UniqueIdentifier>{f956de92-d3aa-44a1-8f7a-4f6631f2a7ae}</UniqueIdentifier>
    </Filter>
    <Filter Include="Source Files\Shaders">
      <UniqueIdentifier>{8ec00d3b-e37e-49df-aca5-aded236ab314}</UniqueIdentifier>
    </Filter>
    <Filter Include="Source Files\Thirdparty">
      <UniqueIdentifier>{1926c800-4814-46ff-bb25-873da090a88e}</UniqueIdentifier>
    </Filter>
    <Filter Include="Source Files\Thirdparty\irrxml">
      <UniqueIdentifier>{ae0a6ec4-cb0a-4ea3-b4b6-27ffa260e2ec}</UniqueIdentifier>
    </Filter>
  </ItemGroup>
  <ItemGroup>
    <ClCompile Include="Murky.cpp">
      <Filter>Source Files</Filter>
    </ClCompile>
    <ClCompile Include="Logger.cpp">
      <Filter>Source Files</Filter>
    </ClCompile>
    <ClCompile Include="HardwareInfo.cpp">
      <Filter>Source Files</Filter>
    </ClCompile>
    <ClCompile Include="Renderer.cpp">
      <Filter>Source Files</Filter>
    </ClCompile>
    <ClCompile Include="StateStart.cpp">
      <Filter>Source Files\States</Filter>
    </ClCompile>
    <ClCompile Include="Sources\Resources\TextureManager.cpp">
      <Filter>Source Files\Managers</Filter>
    </ClCompile>
    <ClCompile Include="MeshLoader.cpp">
      <Filter>Source Files\Loaders</Filter>
    </ClCompile>
    <ClCompile Include="Sources\Resources\MeshObject.cpp">
      <Filter>Source Files\Resources</Filter>
    </ClCompile>
    <ClCompile Include="Sources\Resources\ModelStaticObject.cpp">
      <Filter>Source Files\Resources</Filter>
    </ClCompile>
    <ClCompile Include="Sources\Resources\MeshManager.cpp">
      <Filter>Source Files\Managers</Filter>
    </ClCompile>
    <ClCompile Include="Sources\Resources\SceneManager.cpp">
      <Filter>Source Files\Managers</Filter>
    </ClCompile>
    <ClCompile Include="Sources\Resources\TexObject.cpp">
      <Filter>Source Files\Resources</Filter>
    </ClCompile>
    <ClCompile Include="Sources\StateManager.cpp">
      <Filter>Source Files\Managers</Filter>
    </ClCompile>
    <ClCompile Include="Sources\Shaders\Shaders.cpp">
      <Filter>Source Files\Shaders</Filter>
    </ClCompile>
    <ClCompile Include="Sources\Thirdparty\irrxml\irrXML.cpp">
      <Filter>Source Files\Thirdparty\irrxml</Filter>
    </ClCompile>
  </ItemGroup>
  <ItemGroup>
    <ClInclude Include="Murky.h">
      <Filter>Header Files</Filter>
    </ClInclude>
    <ClInclude Include="resource.h">
      <Filter>Header Files</Filter>
    </ClInclude>
    <ClInclude Include="Logger.h">
      <Filter>Header Files</Filter>
    </ClInclude>
    <ClInclude Include="HardwareInfo.h">
      <Filter>Header Files</Filter>
    </ClInclude>
    <ClInclude Include="Renderer.h">
      <Filter>Header Files</Filter>
    </ClInclude>
    <ClInclude Include="StateStart.h">
      <Filter>Source Files\States</Filter>
    </ClInclude>
    <ClInclude Include="States.h">
      <Filter>Source Files\States</Filter>
    </ClInclude>
    <ClInclude Include="StateBase.h">
      <Filter>Source Files\States</Filter>
    </ClInclude>
    <ClInclude Include="Utility.h">
      <Filter>Header Files</Filter>
    </ClInclude>
    <ClInclude Include="Sources\Resources\TextureManager.h">
      <Filter>Source Files\Managers</Filter>
    </ClInclude>
    <ClInclude Include="MeshLoader.h">
      <Filter>Source Files\Loaders</Filter>
    </ClInclude>
    <ClInclude Include="Datatypes.h">
      <Filter>Header Files</Filter>
    </ClInclude>
    <ClInclude Include="Sources\Resources\BaseObject.h">
      <Filter>Source Files\Resources</Filter>
    </ClInclude>
    <ClInclude Include="Sources\Resources\MeshObject.h">
      <Filter>Source Files\Resources</Filter>
    </ClInclude>
    <ClInclude Include="Sources\Resources\ModelStaticObject.h">
      <Filter>Source Files\Resources</Filter>
    </ClInclude>
    <ClInclude Include="Sources\Resources\MeshManager.h">
      <Filter>Source Files\Managers</Filter>
    </ClInclude>
    <ClInclude Include="Sources\Resources\SceneManager.h">
      <Filter>Source Files\Managers</Filter>
    </ClInclude>
    <ClInclude Include="Sources\Resources\TexObject.h">
      <Filter>Source Files\Resources</Filter>
    </ClInclude>
    <ClInclude Include="Sources\StateManager.h">
      <Filter>Source Files\Managers</Filter>
    </ClInclude>
    <ClInclude Include="Sources\Shaders\Shaders.h">
      <Filter>Source Files\Shaders</Filter>
    </ClInclude>
    <ClInclude Include="Sources\Thirdparty\irrxml\CXMLReaderImpl.h">
      <Filter>Source Files\Thirdparty\irrxml</Filter>
    </ClInclude>
    <ClInclude Include="Sources\Thirdparty\irrxml\fast_atof.h">
      <Filter>Source Files\Thirdparty\irrxml</Filter>
    </ClInclude>
    <ClInclude Include="Sources\Thirdparty\irrxml\heapsort.h">
      <Filter>Source Files\Thirdparty\irrxml</Filter>
    </ClInclude>
    <ClInclude Include="Sources\Thirdparty\irrxml\irrArray.h">
      <Filter>Source Files\Thirdparty\irrxml</Filter>
    </ClInclude>
    <ClInclude Include="Sources\Thirdparty\irrxml\irrString.h">
      <Filter>Source Files\Thirdparty\irrxml</Filter>
    </ClInclude>
    <ClInclude Include="Sources\Thirdparty\irrxml\irrTypes.h">
      <Filter>Source Files\Thirdparty\irrxml</Filter>
    </ClInclude>
    <ClInclude Include="Sources\Thirdparty\irrxml\irrXML.h">
      <Filter>Source Files\Thirdparty\irrxml</Filter>
    </ClInclude>
  </ItemGroup>
  <ItemGroup>
    <ResourceCompile Include="Murky.rc">
      <Filter>Resource Files</Filter>
    </ResourceCompile>
  </ItemGroup>
</Project>